schema: '2.0'
stages:
  train:
    cmd: rasa data validate &&  rasa train --fixed-model-name ./models/model
    deps:
    - path: data
      md5: 482c4f2fd30bf1f9cf86973448e6ceca.dir
      size: 2219
      nfiles: 3
    params:
      config.yml:
        pipeline:
        - name: WhitespaceTokenizer
        - name: RegexFeaturizer
        - name: LexicalSyntacticFeaturizer
        - name: CountVectorsFeaturizer
        - name: CountVectorsFeaturizer
          analyzer: char_wb
          min_ngram: 1
          max_ngram: 4
        - name: DIETClassifier
          epochs: 150
          constrain_similarities: true
        - name: EntitySynonymMapper
        - name: ResponseSelector
          epochs: 100
          constrain_similarities: true
        - name: FallbackClassifier
          threshold: 0.3
          ambiguity_threshold: 0.1
        policies:
    outs:
    - path: ./models/
      md5: 366b157caf91fb2e904444a8578738f8.dir
      size: 24970860
      nfiles: 1
  test:
    cmd: rasa test --out ./results --model ./models/model.tar.gz
    deps:
    - path: ./models
      md5: 366b157caf91fb2e904444a8578738f8.dir
      size: 24970860
      nfiles: 1
    params:
      config.yml:
        pipeline:
        - name: WhitespaceTokenizer
        - name: RegexFeaturizer
        - name: LexicalSyntacticFeaturizer
        - name: CountVectorsFeaturizer
        - name: CountVectorsFeaturizer
          analyzer: char_wb
          min_ngram: 1
          max_ngram: 4
        - name: DIETClassifier
          epochs: 150
          constrain_similarities: true
        - name: EntitySynonymMapper
        - name: ResponseSelector
          epochs: 100
          constrain_similarities: true
        - name: FallbackClassifier
          threshold: 0.3
          ambiguity_threshold: 0.1
        policies:
    outs:
    - path: ./results/TEDPolicy_report.json
      md5: 99914b932bd37a50b983c5e7c90ae93b
      size: 2
    - path: ./results/intent_report.json
      md5: 83e83c2f01db66d012dbef7c290da53a
      size: 1171
    - path: ./results/story_report.json
      md5: a6b5db197db148390b56f1a2f60a601d
      size: 1884
