schema: '2.0'
stages:
  train:
    cmd: rasa data validate &&  rasa train --fixed-model-name ./models/model
    deps:
    - path: data
      md5: 482c4f2fd30bf1f9cf86973448e6ceca.dir
      size: 2219
      nfiles: 3
    params:
      config.yml:
        pipeline:
        policies:
    outs:
    - path: ./models/
      md5: 7491718c1a32963f100145a1cbe472f4.dir
      size: 25002076
      nfiles: 1
  test:
    cmd: rasa test --out ./results --model ./models/model.tar.gz
    deps:
    - path: ./models
      md5: 7491718c1a32963f100145a1cbe472f4.dir
      size: 25002076
      nfiles: 1
    params:
      config.yml:
        pipeline:
        policies:
    outs:
    - path: ./results/TEDPolicy_report.json
      md5: 99914b932bd37a50b983c5e7c90ae93b
      size: 2
    - path: ./results/intent_report.json
      md5: 7dc184670000d983740f54d97fe1fe19
      size: 1171
    - path: ./results/story_report.json
      md5: ad391b6520cef7ae82127b14ae8698df
      size: 1884
