schema: '2.0'
stages:
  train:
    cmd: rasa data validate &&  rasa train --fixed-model-name ./models/model
    deps:
    - path: data
      md5: 482c4f2fd30bf1f9cf86973448e6ceca.dir
      size: 2219
      nfiles: 3
    params:
      config.yml:
        pipeline:
        policies:
    outs:
    - path: ./models/
      md5: 4598378ab1eea1cdc017afb33aa7022c.dir
      size: 25002080
      nfiles: 1
  test:
    cmd: rasa test --out ./results --model ./models/model.tar.gz
    deps:
    - path: ./models
      md5: 4598378ab1eea1cdc017afb33aa7022c.dir
      size: 25002080
      nfiles: 1
    params:
      config.yml:
        pipeline:
        policies:
    outs:
    - path: ./results/TEDPolicy_report.json
      md5: 99914b932bd37a50b983c5e7c90ae93b
      size: 2
    - path: ./results/intent_report.json
      md5: 14434576a26da7392815d186dc812316
      size: 1171
    - path: ./results/story_report.json
      md5: 4853f24e4c90889f6ce9c9576427beaf
      size: 1884
